PODS:
  - Capacitor (7.3.0):
    - CapacitorCordova
  - CapacitorApp (7.0.1):
    - Capacitor
  - CapacitorCordova (7.3.0)
  - CapacitorHaptics (7.0.1):
    - Capacitor
  - JcesarmobileSslSkip (0.4.0):
    - Capacitor

DEPENDENCIES:
  - "Capacitor (from `../../node_modules/@capacitor/ios`)"
  - "CapacitorApp (from `../../node_modules/@capacitor/app`)"
  - "CapacitorCordova (from `../../node_modules/@capacitor/ios`)"
  - "CapacitorHaptics (from `../../node_modules/@capacitor/haptics`)"
  - "JcesarmobileSslSkip (from `../../node_modules/@jcesarmobile/ssl-skip`)"

EXTERNAL SOURCES:
  Capacitor:
    :path: "../../node_modules/@capacitor/ios"
  CapacitorApp:
    :path: "../../node_modules/@capacitor/app"
  CapacitorCordova:
    :path: "../../node_modules/@capacitor/ios"
  CapacitorHaptics:
    :path: "../../node_modules/@capacitor/haptics"
  JcesarmobileSslSkip:
    :path: "../../node_modules/@jcesarmobile/ssl-skip"

SPEC CHECKSUMS:
  Capacitor: fbd134fa28e503720559ecddb5ab6b41d69de347
  CapacitorApp: d63334c052278caf5d81585d80b21905c6f93f39
  CapacitorCordova: 2685f5c43675793b5f06dfd66b3b26268f003b97
  CapacitorHaptics: 70e47470fa1a6bd6338cd102552e3846b7f9a1b3
  JcesarmobileSslSkip: b0f921e9d397a57f7983731209ca1ee244119c1f

PODFILE CHECKSUM: e68cee80bfb70955e5dc452477be196e0082379a

COCOAPODS: 1.16.2
